
Microsoft Visual Studio Solution File, Format Version 12.00
# Visual Studio Version 17
VisualStudioVersion = 17.7.34031.279
MinimumVisualStudioVersion = 10.0.40219.1
Project("{2150E333-8FDC-42A3-9474-1A3956D46DE8}") = "Solution Items", "Solution Items", "{5C538B35-2C3D-403C-A19F-3E84C8D2CE35}"
	ProjectSection(SolutionItems) = preProject
		.editorconfig = .editorconfig
		.gitattributes = .gitattributes
		.gitignore = .gitignore
		Directory.Build.props = Directory.Build.props
		LICENSE.txt = LICENSE.txt
		README.md = README.md
	EndProjectSection
EndProject
Project("{2150E333-8FDC-42A3-9474-1A3956D46DE8}") = "src", "src", "{FCA5EA37-E1DF-4247-B0BB-FB4A70BB4861}"
EndProject
Project("{2150E333-8FDC-42A3-9474-1A3956D46DE8}") = "Services", "Services", "{059FD3EB-4509-4159-9C4E-3300EDB9F12A}"
EndProject
Project("{2150E333-8FDC-42A3-9474-1A3956D46DE8}") = "Catalog", "Catalog", "{70CF59D4-419A-4129-928C-811880B6B06F}"
EndProject
Project("{9A19103F-16F7-4668-BE54-9A1E7A4F7556}") = "Catalog.API", "src\Services\Catalog\Catalog.API\Catalog.API.csproj", "{CD93BD75-5ED3-4486-8D1C-47F5BC2FEABF}"
EndProject
Project("{2150E333-8FDC-42A3-9474-1A3956D46DE8}") = "Shared", "Shared", "{A6B9D1C1-4CC5-4861-8B3F-52FF264372CB}"
EndProject
Project("{9A19103F-16F7-4668-BE54-9A1E7A4F7556}") = "Shared.Utilites", "src\Shared\Shared.Utilites\Shared.Utilites.csproj", "{12DD46EE-466A-4FE1-8DBB-AB9627D44ABC}"
EndProject
Project("{2150E333-8FDC-42A3-9474-1A3956D46DE8}") = "Cart", "Cart", "{A6806B88-9AF4-48E3-A33C-A8490E14CEB3}"
EndProject
Project("{9A19103F-16F7-4668-BE54-9A1E7A4F7556}") = "Cart.API", "src\Services\Cart\Cart.API\Cart.API.csproj", "{C6B28349-FC44-4890-B9D3-07E93978BF46}"
EndProject
Project("{2150E333-8FDC-42A3-9474-1A3956D46DE8}") = "Discount", "Discount", "{1B53A5B4-E10D-48D9-BF33-C087BCBDC7A2}"
EndProject
Project("{FAE04EC0-301F-11D3-BF4B-00C04F79EFBC}") = "Discount.gRPC", "src\Services\Discount\Discount.gRPC\Discount.gRPC.csproj", "{FCC93373-AF30-4891-9AF6-CECD8F13946A}"
EndProject
Global
	GlobalSection(SolutionConfigurationPlatforms) = preSolution
		Debug|Any CPU = Debug|Any CPU
		Release|Any CPU = Release|Any CPU
	EndGlobalSection
	GlobalSection(ProjectConfigurationPlatforms) = postSolution
		{CD93BD75-5ED3-4486-8D1C-47F5BC2FEABF}.Debug|Any CPU.ActiveCfg = Debug|Any CPU
		{CD93BD75-5ED3-4486-8D1C-47F5BC2FEABF}.Debug|Any CPU.Build.0 = Debug|Any CPU
		{CD93BD75-5ED3-4486-8D1C-47F5BC2FEABF}.Release|Any CPU.ActiveCfg = Release|Any CPU
		{CD93BD75-5ED3-4486-8D1C-47F5BC2FEABF}.Release|Any CPU.Build.0 = Release|Any CPU
		{12DD46EE-466A-4FE1-8DBB-AB9627D44ABC}.Debug|Any CPU.ActiveCfg = Debug|Any CPU
		{12DD46EE-466A-4FE1-8DBB-AB9627D44ABC}.Debug|Any CPU.Build.0 = Debug|Any CPU
		{12DD46EE-466A-4FE1-8DBB-AB9627D44ABC}.Release|Any CPU.ActiveCfg = Release|Any CPU
		{12DD46EE-466A-4FE1-8DBB-AB9627D44ABC}.Release|Any CPU.Build.0 = Release|Any CPU
		{C6B28349-FC44-4890-B9D3-07E93978BF46}.Debug|Any CPU.ActiveCfg = Debug|Any CPU
		{C6B28349-FC44-4890-B9D3-07E93978BF46}.Debug|Any CPU.Build.0 = Debug|Any CPU
		{C6B28349-FC44-4890-B9D3-07E93978BF46}.Release|Any CPU.ActiveCfg = Release|Any CPU
		{C6B28349-FC44-4890-B9D3-07E93978BF46}.Release|Any CPU.Build.0 = Release|Any CPU
		{FCC93373-AF30-4891-9AF6-CECD8F13946A}.Debug|Any CPU.ActiveCfg = Debug|Any CPU
		{FCC93373-AF30-4891-9AF6-CECD8F13946A}.Debug|Any CPU.Build.0 = Debug|Any CPU
		{FCC93373-AF30-4891-9AF6-CECD8F13946A}.Release|Any CPU.ActiveCfg = Release|Any CPU
		{FCC93373-AF30-4891-9AF6-CECD8F13946A}.Release|Any CPU.Build.0 = Release|Any CPU
	EndGlobalSection
	GlobalSection(SolutionProperties) = preSolution
		HideSolutionNode = FALSE
	EndGlobalSection
	GlobalSection(NestedProjects) = preSolution
		{059FD3EB-4509-4159-9C4E-3300EDB9F12A} = {FCA5EA37-E1DF-4247-B0BB-FB4A70BB4861}
		{70CF59D4-419A-4129-928C-811880B6B06F} = {059FD3EB-4509-4159-9C4E-3300EDB9F12A}
		{CD93BD75-5ED3-4486-8D1C-47F5BC2FEABF} = {70CF59D4-419A-4129-928C-811880B6B06F}
		{A6B9D1C1-4CC5-4861-8B3F-52FF264372CB} = {FCA5EA37-E1DF-4247-B0BB-FB4A70BB4861}
		{12DD46EE-466A-4FE1-8DBB-AB9627D44ABC} = {A6B9D1C1-4CC5-4861-8B3F-52FF264372CB}
		{A6806B88-9AF4-48E3-A33C-A8490E14CEB3} = {059FD3EB-4509-4159-9C4E-3300EDB9F12A}
		{C6B28349-FC44-4890-B9D3-07E93978BF46} = {A6806B88-9AF4-48E3-A33C-A8490E14CEB3}
		{1B53A5B4-E10D-48D9-BF33-C087BCBDC7A2} = {059FD3EB-4509-4159-9C4E-3300EDB9F12A}
		{FCC93373-AF30-4891-9AF6-CECD8F13946A} = {1B53A5B4-E10D-48D9-BF33-C087BCBDC7A2}
	EndGlobalSection
	GlobalSection(ExtensibilityGlobals) = postSolution
		SolutionGuid = {FCD273C5-682A-413D-A0B5-72A45D8A033D}
	EndGlobalSection
EndGlobal
